
Microsoft Visual Studio Solution File, Format Version 12.00
# Visual Studio Version 17
VisualStudioVersion = 17.11.35222.181
MinimumVisualStudioVersion = 10.0.40219.1
Project("{9A19103F-16F7-4668-BE54-9A1E7A4F7556}") = "FluerisStarterKit", "FluerisStarterKit\FluerisStarterKit.csproj", "{EC147D1D-16C4-475B-A5C0-028172F300EE}"
EndProject
Global
	GlobalSection(SolutionConfigurationPlatforms) = preSolution
		Debug|Any CPU = Debug|Any CPU
		Release|Any CPU = Release|Any CPU
	EndGlobalSection
	GlobalSection(ProjectConfigurationPlatforms) = postSolution
		{EC147D1D-16C4-475B-A5C0-028172F300EE}.Debug|Any CPU.ActiveCfg = Debug|Any CPU
		{EC147D1D-16C4-475B-A5C0-028172F300EE}.Debug|Any CPU.Build.0 = Debug|Any CPU
		{EC147D1D-16C4-475B-A5C0-028172F300EE}.Release|Any CPU.ActiveCfg = Release|Any CPU
		{EC147D1D-16C4-475B-A5C0-028172F300EE}.Release|Any CPU.Build.0 = Release|Any CPU
	EndGlobalSection
	GlobalSection(SolutionProperties) = preSolution
		HideSolutionNode = FALSE
	EndGlobalSection
	GlobalSection(ExtensibilityGlobals) = postSolution
		SolutionGuid = {0C8502F8-D57F-47A2-AA36-CF24A92C7309}
	EndGlobalSection
EndGlobal
